// !$*UTF8*$!
{
	archiveVersion = 1;
	classes = {
	};
	objectVersion = 51;
	objects = {

/* Begin PBXBuildFile section */
		7633E8AD252C488D0037A08A /* ResidentThread.m in Sources */ = {isa = PBXBuildFile; fileRef = 7633E8AC252C488D0037A08A /* ResidentThread.m */; };
		7633E8B3252C4B690037A08A /* TripartiteLoginVC.m in Sources */ = {isa = PBXBuildFile; fileRef = 7633E8B2252C4B690037A08A /* TripartiteLoginVC.m */; };
		7633E8BA252C556B0037A08A /* SignInApple.m in Sources */ = {isa = PBXBuildFile; fileRef = 7633E8B9252C556B0037A08A /* SignInApple.m */; };
		7633E8BE252C56160037A08A /* YostarKeychain.m in Sources */ = {isa = PBXBuildFile; fileRef = 7633E8BD252C56160037A08A /* YostarKeychain.m */; };
		7633E905252CA7D80037A08A /* PayViewController.m in Sources */ = {isa = PBXBuildFile; fileRef = 7633E904252CA7D80037A08A /* PayViewController.m */; };
		764317042504673D0034EE82 /* UIWebViewController.m in Sources */ = {isa = PBXBuildFile; fileRef = 764317032504673D0034EE82 /* UIWebViewController.m */; };
		76431706250478DC0034EE82 /* indexDemo.html in Resources */ = {isa = PBXBuildFile; fileRef = 76431705250478DB0034EE82 /* indexDemo.html */; };
		7647BB6F24FC860900586F4A /* Model.xcdatamodeld in Sources */ = {isa = PBXBuildFile; fileRef = 7647BB6D24FC860900586F4A /* Model.xcdatamodeld */; };
		7647BB7824FC878100586F4A /* CoreDataViewController.m in Sources */ = {isa = PBXBuildFile; fileRef = 7647BB7724FC878100586F4A /* CoreDataViewController.m */; };
		764E27E6251EF14600E12BD6 /* DateViewController.m in Sources */ = {isa = PBXBuildFile; fileRef = 764E27E5251EF14600E12BD6 /* DateViewController.m */; };
		764E27EC251F356000E12BD6 /* CrashViewController.m in Sources */ = {isa = PBXBuildFile; fileRef = 764E27EB251F356000E12BD6 /* CrashViewController.m */; };
		764E27F0251F359900E12BD6 /* NSArray+PJW.m in Sources */ = {isa = PBXBuildFile; fileRef = 764E27EF251F359900E12BD6 /* NSArray+PJW.m */; };
		764E2806251F568D00E12BD6 /* RACViewController.m in Sources */ = {isa = PBXBuildFile; fileRef = 764E2805251F568D00E12BD6 /* RACViewController.m */; };
		764E280A251F58FA00E12BD6 /* BtnClickV.m in Sources */ = {isa = PBXBuildFile; fileRef = 764E2809251F58FA00E12BD6 /* BtnClickV.m */; };
		7666E5382529BB7B009F8DEB /* UseXIBViewController.m in Sources */ = {isa = PBXBuildFile; fileRef = 7666E5362529BB7B009F8DEB /* UseXIBViewController.m */; };
		7666E5442529BCE7009F8DEB /* XIBDemoViewTableViewCell.m in Sources */ = {isa = PBXBuildFile; fileRef = 7666E5422529BCE7009F8DEB /* XIBDemoViewTableViewCell.m */; };
		7666E5452529BCE7009F8DEB /* XIBDemoViewTableViewCell.xib in Resources */ = {isa = PBXBuildFile; fileRef = 7666E5432529BCE7009F8DEB /* XIBDemoViewTableViewCell.xib */; };
		7666E54D2529CC83009F8DEB /* OpenGLES.framework in Frameworks */ = {isa = PBXBuildFile; fileRef = 7666E54C2529CC83009F8DEB /* OpenGLES.framework */; };
		7666E54F2529CCA1009F8DEB /* GLKit.framework in Frameworks */ = {isa = PBXBuildFile; fileRef = 7666E54E2529CCA1009F8DEB /* GLKit.framework */; };
		7666E5622529CCD3009F8DEB /* libGLTools.a in Frameworks */ = {isa = PBXBuildFile; fileRef = 7666E5612529CCD3009F8DEB /* libGLTools.a */; };
		767516D22503A62D00E2D54D /* HybridViewController.m in Sources */ = {isa = PBXBuildFile; fileRef = 767516D12503A62D00E2D54D /* HybridViewController.m */; };
		767516D42503A78000E2D54D /* index.html in Resources */ = {isa = PBXBuildFile; fileRef = 767516D32503A78000E2D54D /* index.html */; };
		7680181924FB81DB00A58DF0 /* AppDelegate.m in Sources */ = {isa = PBXBuildFile; fileRef = 7680181824FB81DB00A58DF0 /* AppDelegate.m */; };
		7680181F24FB81DB00A58DF0 /* ViewController.m in Sources */ = {isa = PBXBuildFile; fileRef = 7680181E24FB81DB00A58DF0 /* ViewController.m */; };
		7680182224FB81DB00A58DF0 /* Main.storyboard in Resources */ = {isa = PBXBuildFile; fileRef = 7680182024FB81DB00A58DF0 /* Main.storyboard */; };
		7680182424FB81DE00A58DF0 /* Assets.xcassets in Resources */ = {isa = PBXBuildFile; fileRef = 7680182324FB81DE00A58DF0 /* Assets.xcassets */; };
		7680182724FB81DE00A58DF0 /* LaunchScreen.storyboard in Resources */ = {isa = PBXBuildFile; fileRef = 7680182524FB81DE00A58DF0 /* LaunchScreen.storyboard */; };
		7680182A24FB81DE00A58DF0 /* main.m in Sources */ = {isa = PBXBuildFile; fileRef = 7680182924FB81DE00A58DF0 /* main.m */; };
		7680183624FB847600A58DF0 /* SkillModel.m in Sources */ = {isa = PBXBuildFile; fileRef = 7680183524FB847600A58DF0 /* SkillModel.m */; };
		7680183924FB84C200A58DF0 /* SkillTableViewCell.m in Sources */ = {isa = PBXBuildFile; fileRef = 7680183824FB84C200A58DF0 /* SkillTableViewCell.m */; };
		7680183C24FB879F00A58DF0 /* SkillTableDataSource.m in Sources */ = {isa = PBXBuildFile; fileRef = 7680183B24FB879F00A58DF0 /* SkillTableDataSource.m */; };
		7680183F24FB8DD400A58DF0 /* SkillViewModel.m in Sources */ = {isa = PBXBuildFile; fileRef = 7680183E24FB8DD400A58DF0 /* SkillViewModel.m */; };
		7680184724FB988600A58DF0 /* LocalStoreViewController.m in Sources */ = {isa = PBXBuildFile; fileRef = 7680184624FB988600A58DF0 /* LocalStoreViewController.m */; };
		7680184B24FBA04800A58DF0 /* ArchiveViewController.m in Sources */ = {isa = PBXBuildFile; fileRef = 7680184A24FBA04800A58DF0 /* ArchiveViewController.m */; };
		7680184E24FBA8CD00A58DF0 /* Person.m in Sources */ = {isa = PBXBuildFile; fileRef = 7680184D24FBA8CD00A58DF0 /* Person.m */; };
		76884DD924FCFC5700C5FDAA /* Students+CoreDataClass.m in Sources */ = {isa = PBXBuildFile; fileRef = 76884DD724FCFC5700C5FDAA /* Students+CoreDataClass.m */; };
		76884DDA24FCFC5700C5FDAA /* Students+CoreDataProperties.m in Sources */ = {isa = PBXBuildFile; fileRef = 76884DD824FCFC5700C5FDAA /* Students+CoreDataProperties.m */; };
		769EDB27252624EB001C0B80 /* UpgradeViewController.m in Sources */ = {isa = PBXBuildFile; fileRef = 769EDB26252624EB001C0B80 /* UpgradeViewController.m */; };
		76B23C1F25013A8700546C76 /* TimerViewController.m in Sources */ = {isa = PBXBuildFile; fileRef = 76B23C1E25013A8700546C76 /* TimerViewController.m */; };
		76B23C2225013AA700546C76 /* TGCDTimer.m in Sources */ = {isa = PBXBuildFile; fileRef = 76B23C2025013AA600546C76 /* TGCDTimer.m */; };
		76D5D6F92504C982001B89CE /* Multi-threadViewController.m in Sources */ = {isa = PBXBuildFile; fileRef = 76D5D6F82504C982001B89CE /* Multi-threadViewController.m */; };
		76D5D7002504CD51001B89CE /* LocalDeliveryViewController.m in Sources */ = {isa = PBXBuildFile; fileRef = 76D5D6FF2504CD51001B89CE /* LocalDeliveryViewController.m */; };
		76D5D7042504D38A001B89CE /* RunTimeViewController.m in Sources */ = {isa = PBXBuildFile; fileRef = 76D5D7032504D38A001B89CE /* RunTimeViewController.m */; };
		76D5D7072504D4DB001B89CE /* NSArray+Demo.m in Sources */ = {isa = PBXBuildFile; fileRef = 76D5D7062504D4DB001B89CE /* NSArray+Demo.m */; };
		76D5D70B2504D9FE001B89CE /* ArithmeticViewController.m in Sources */ = {isa = PBXBuildFile; fileRef = 76D5D70A2504D9FE001B89CE /* ArithmeticViewController.m */; };
		76F37E982500716900353D1F /* SafetyViewController.m in Sources */ = {isa = PBXBuildFile; fileRef = 76F37E972500716900353D1F /* SafetyViewController.m */; };
		76F37E9B2500767B00353D1F /* RSA.m in Sources */ = {isa = PBXBuildFile; fileRef = 76F37E9A2500767A00353D1F /* RSA.m */; };
		D112CA479AE86A6CD135AC0D /* Pods_SkillDemo.framework in Frameworks */ = {isa = PBXBuildFile; fileRef = 8582DBE9232DD3CABDE39292 /* Pods_SkillDemo.framework */; };
/* End PBXBuildFile section */

/* Begin PBXFileReference section */
		3B629D3C2B62D528E95C078D /* Pods-SkillDemo.debug.xcconfig */ = {isa = PBXFileReference; includeInIndex = 1; lastKnownFileType = text.xcconfig; name = "Pods-SkillDemo.debug.xcconfig"; path = "Target Support Files/Pods-SkillDemo/Pods-SkillDemo.debug.xcconfig"; sourceTree = "<group>"; };
		51810F0E170BA4CC4C2CD941 /* Pods-SkillDemo.release.xcconfig */ = {isa = PBXFileReference; includeInIndex = 1; lastKnownFileType = text.xcconfig; name = "Pods-SkillDemo.release.xcconfig"; path = "Target Support Files/Pods-SkillDemo/Pods-SkillDemo.release.xcconfig"; sourceTree = "<group>"; };
		7633E8AB252C488D0037A08A /* ResidentThread.h */ = {isa = PBXFileReference; lastKnownFileType = sourcecode.c.h; path = ResidentThread.h; sourceTree = "<group>"; };
		7633E8AC252C488D0037A08A /* ResidentThread.m */ = {isa = PBXFileReference; lastKnownFileType = sourcecode.c.objc; path = ResidentThread.m; sourceTree = "<group>"; };
		7633E8B1252C4B690037A08A /* TripartiteLoginVC.h */ = {isa = PBXFileReference; lastKnownFileType = sourcecode.c.h; path = TripartiteLoginVC.h; sourceTree = "<group>"; };
		7633E8B2252C4B690037A08A /* TripartiteLoginVC.m */ = {isa = PBXFileReference; lastKnownFileType = sourcecode.c.objc; path = TripartiteLoginVC.m; sourceTree = "<group>"; };
		7633E8B8252C556B0037A08A /* SignInApple.h */ = {isa = PBXFileReference; fileEncoding = 4; lastKnownFileType = sourcecode.c.h; path = SignInApple.h; sourceTree = "<group>"; };
		7633E8B9252C556B0037A08A /* SignInApple.m */ = {isa = PBXFileReference; fileEncoding = 4; lastKnownFileType = sourcecode.c.objc; path = SignInApple.m; sourceTree = "<group>"; };
		7633E8BC252C56160037A08A /* YostarKeychain.h */ = {isa = PBXFileReference; fileEncoding = 4; lastKnownFileType = sourcecode.c.h; path = YostarKeychain.h; sourceTree = "<group>"; };
		7633E8BD252C56160037A08A /* YostarKeychain.m */ = {isa = PBXFileReference; fileEncoding = 4; lastKnownFileType = sourcecode.c.objc; path = YostarKeychain.m; sourceTree = "<group>"; };
		7633E8C3252C57DC0037A08A /* SkillDemo.entitlements */ = {isa = PBXFileReference; lastKnownFileType = text.plist.entitlements; path = SkillDemo.entitlements; sourceTree = "<group>"; };
		7633E903252CA7D80037A08A /* PayViewController.h */ = {isa = PBXFileReference; lastKnownFileType = sourcecode.c.h; path = PayViewController.h; sourceTree = "<group>"; };
		7633E904252CA7D80037A08A /* PayViewController.m */ = {isa = PBXFileReference; lastKnownFileType = sourcecode.c.objc; path = PayViewController.m; sourceTree = "<group>"; };
		764317022504673D0034EE82 /* UIWebViewController.h */ = {isa = PBXFileReference; lastKnownFileType = sourcecode.c.h; path = UIWebViewController.h; sourceTree = "<group>"; };
		764317032504673D0034EE82 /* UIWebViewController.m */ = {isa = PBXFileReference; lastKnownFileType = sourcecode.c.objc; path = UIWebViewController.m; sourceTree = "<group>"; };
		76431705250478DB0034EE82 /* indexDemo.html */ = {isa = PBXFileReference; fileEncoding = 4; lastKnownFileType = text.html; path = indexDemo.html; sourceTree = "<group>"; };
		7647BB6E24FC860900586F4A /* Model.xcdatamodel */ = {isa = PBXFileReference; lastKnownFileType = wrapper.xcdatamodel; path = Model.xcdatamodel; sourceTree = "<group>"; };
		7647BB7624FC878100586F4A /* CoreDataViewController.h */ = {isa = PBXFileReference; lastKnownFileType = sourcecode.c.h; path = CoreDataViewController.h; sourceTree = "<group>"; };
		7647BB7724FC878100586F4A /* CoreDataViewController.m */ = {isa = PBXFileReference; lastKnownFileType = sourcecode.c.objc; path = CoreDataViewController.m; sourceTree = "<group>"; };
		764E27E4251EF14600E12BD6 /* DateViewController.h */ = {isa = PBXFileReference; lastKnownFileType = sourcecode.c.h; path = DateViewController.h; sourceTree = "<group>"; };
		764E27E5251EF14600E12BD6 /* DateViewController.m */ = {isa = PBXFileReference; lastKnownFileType = sourcecode.c.objc; path = DateViewController.m; sourceTree = "<group>"; };
		764E27EA251F356000E12BD6 /* CrashViewController.h */ = {isa = PBXFileReference; lastKnownFileType = sourcecode.c.h; path = CrashViewController.h; sourceTree = "<group>"; };
		764E27EB251F356000E12BD6 /* CrashViewController.m */ = {isa = PBXFileReference; lastKnownFileType = sourcecode.c.objc; path = CrashViewController.m; sourceTree = "<group>"; };
		764E27EE251F359900E12BD6 /* NSArray+PJW.h */ = {isa = PBXFileReference; lastKnownFileType = sourcecode.c.h; path = "NSArray+PJW.h"; sourceTree = "<group>"; };
		764E27EF251F359900E12BD6 /* NSArray+PJW.m */ = {isa = PBXFileReference; lastKnownFileType = sourcecode.c.objc; path = "NSArray+PJW.m"; sourceTree = "<group>"; };
		764E2804251F568D00E12BD6 /* RACViewController.h */ = {isa = PBXFileReference; lastKnownFileType = sourcecode.c.h; path = RACViewController.h; sourceTree = "<group>"; };
		764E2805251F568D00E12BD6 /* RACViewController.m */ = {isa = PBXFileReference; lastKnownFileType = sourcecode.c.objc; path = RACViewController.m; sourceTree = "<group>"; };
		764E2808251F58FA00E12BD6 /* BtnClickV.h */ = {isa = PBXFileReference; lastKnownFileType = sourcecode.c.h; path = BtnClickV.h; sourceTree = "<group>"; };
		764E2809251F58FA00E12BD6 /* BtnClickV.m */ = {isa = PBXFileReference; lastKnownFileType = sourcecode.c.objc; path = BtnClickV.m; sourceTree = "<group>"; };
		7666E5352529BB7B009F8DEB /* UseXIBViewController.h */ = {isa = PBXFileReference; lastKnownFileType = sourcecode.c.h; path = UseXIBViewController.h; sourceTree = "<group>"; };
		7666E5362529BB7B009F8DEB /* UseXIBViewController.m */ = {isa = PBXFileReference; lastKnownFileType = sourcecode.c.objc; path = UseXIBViewController.m; sourceTree = "<group>"; };
		7666E5412529BCE7009F8DEB /* XIBDemoViewTableViewCell.h */ = {isa = PBXFileReference; lastKnownFileType = sourcecode.c.h; path = XIBDemoViewTableViewCell.h; sourceTree = "<group>"; };
		7666E5422529BCE7009F8DEB /* XIBDemoViewTableViewCell.m */ = {isa = PBXFileReference; lastKnownFileType = sourcecode.c.objc; path = XIBDemoViewTableViewCell.m; sourceTree = "<group>"; };
		7666E5432529BCE7009F8DEB /* XIBDemoViewTableViewCell.xib */ = {isa = PBXFileReference; lastKnownFileType = file.xib; path = XIBDemoViewTableViewCell.xib; sourceTree = "<group>"; };
		7666E54C2529CC83009F8DEB /* OpenGLES.framework */ = {isa = PBXFileReference; lastKnownFileType = wrapper.framework; name = OpenGLES.framework; path = System/Library/Frameworks/OpenGLES.framework; sourceTree = SDKROOT; };
		7666E54E2529CCA1009F8DEB /* GLKit.framework */ = {isa = PBXFileReference; lastKnownFileType = wrapper.framework; name = GLKit.framework; path = System/Library/Frameworks/GLKit.framework; sourceTree = SDKROOT; };
		7666E5522529CCD3009F8DEB /* GLBatchBase.h */ = {isa = PBXFileReference; fileEncoding = 4; lastKnownFileType = sourcecode.c.h; path = GLBatchBase.h; sourceTree = "<group>"; };
		7666E5532529CCD3009F8DEB /* math3d.h */ = {isa = PBXFileReference; fileEncoding = 4; lastKnownFileType = sourcecode.c.h; path = math3d.h; sourceTree = "<group>"; };
		7666E5542529CCD3009F8DEB /* GLTriangleBatch.h */ = {isa = PBXFileReference; fileEncoding = 4; lastKnownFileType = sourcecode.c.h; path = GLTriangleBatch.h; sourceTree = "<group>"; };
		7666E5552529CCD3009F8DEB /* GLBatch.h */ = {isa = PBXFileReference; fileEncoding = 4; lastKnownFileType = sourcecode.c.h; path = GLBatch.h; sourceTree = "<group>"; };
		7666E5562529CCD3009F8DEB /* GLMatrixStack.h */ = {isa = PBXFileReference; fileEncoding = 4; lastKnownFileType = sourcecode.c.h; path = GLMatrixStack.h; sourceTree = "<group>"; };
		7666E5572529CCD3009F8DEB /* GLFrame.h */ = {isa = PBXFileReference; fileEncoding = 4; lastKnownFileType = sourcecode.c.h; path = GLFrame.h; sourceTree = "<group>"; };
		7666E5582529CCD3009F8DEB /* GLFrustum.h */ = {isa = PBXFileReference; fileEncoding = 4; lastKnownFileType = sourcecode.c.h; path = GLFrustum.h; sourceTree = "<group>"; };
		7666E5592529CCD3009F8DEB /* GLGeometryTransform.h */ = {isa = PBXFileReference; fileEncoding = 4; lastKnownFileType = sourcecode.c.h; path = GLGeometryTransform.h; sourceTree = "<group>"; };
		7666E55A2529CCD3009F8DEB /* GLShaderManager.h */ = {isa = PBXFileReference; fileEncoding = 4; lastKnownFileType = sourcecode.c.h; path = GLShaderManager.h; sourceTree = "<group>"; };
		7666E55B2529CCD3009F8DEB /* StopWatch.h */ = {isa = PBXFileReference; fileEncoding = 4; lastKnownFileType = sourcecode.c.h; path = StopWatch.h; sourceTree = "<group>"; };
		7666E55D2529CCD3009F8DEB /* glxew.h */ = {isa = PBXFileReference; fileEncoding = 4; lastKnownFileType = sourcecode.c.h; path = glxew.h; sourceTree = "<group>"; };
		7666E55E2529CCD3009F8DEB /* wglew.h */ = {isa = PBXFileReference; fileEncoding = 4; lastKnownFileType = sourcecode.c.h; path = wglew.h; sourceTree = "<group>"; };
		7666E55F2529CCD3009F8DEB /* glew.h */ = {isa = PBXFileReference; fileEncoding = 4; lastKnownFileType = sourcecode.c.h; path = glew.h; sourceTree = "<group>"; };
		7666E5602529CCD3009F8DEB /* GLTools.h */ = {isa = PBXFileReference; fileEncoding = 4; lastKnownFileType = sourcecode.c.h; path = GLTools.h; sourceTree = "<group>"; };
		7666E5612529CCD3009F8DEB /* libGLTools.a */ = {isa = PBXFileReference; lastKnownFileType = archive.ar; path = libGLTools.a; sourceTree = "<group>"; };
		767516D02503A62D00E2D54D /* HybridViewController.h */ = {isa = PBXFileReference; lastKnownFileType = sourcecode.c.h; path = HybridViewController.h; sourceTree = "<group>"; };
		767516D12503A62D00E2D54D /* HybridViewController.m */ = {isa = PBXFileReference; lastKnownFileType = sourcecode.c.objc; path = HybridViewController.m; sourceTree = "<group>"; };
		767516D32503A78000E2D54D /* index.html */ = {isa = PBXFileReference; fileEncoding = 4; lastKnownFileType = text.html; path = index.html; sourceTree = "<group>"; };
		7680181424FB81DB00A58DF0 /* SkillDemo.app */ = {isa = PBXFileReference; explicitFileType = wrapper.application; includeInIndex = 0; path = SkillDemo.app; sourceTree = BUILT_PRODUCTS_DIR; };
		7680181724FB81DB00A58DF0 /* AppDelegate.h */ = {isa = PBXFileReference; lastKnownFileType = sourcecode.c.h; path = AppDelegate.h; sourceTree = "<group>"; };
		7680181824FB81DB00A58DF0 /* AppDelegate.m */ = {isa = PBXFileReference; lastKnownFileType = sourcecode.c.objc; path = AppDelegate.m; sourceTree = "<group>"; };
		7680181D24FB81DB00A58DF0 /* ViewController.h */ = {isa = PBXFileReference; lastKnownFileType = sourcecode.c.h; path = ViewController.h; sourceTree = "<group>"; };
		7680181E24FB81DB00A58DF0 /* ViewController.m */ = {isa = PBXFileReference; lastKnownFileType = sourcecode.c.objc; path = ViewController.m; sourceTree = "<group>"; };
		7680182124FB81DB00A58DF0 /* Base */ = {isa = PBXFileReference; lastKnownFileType = file.storyboard; name = Base; path = Base.lproj/Main.storyboard; sourceTree = "<group>"; };
		7680182324FB81DE00A58DF0 /* Assets.xcassets */ = {isa = PBXFileReference; lastKnownFileType = folder.assetcatalog; path = Assets.xcassets; sourceTree = "<group>"; };
		7680182624FB81DE00A58DF0 /* Base */ = {isa = PBXFileReference; lastKnownFileType = file.storyboard; name = Base; path = Base.lproj/LaunchScreen.storyboard; sourceTree = "<group>"; };
		7680182824FB81DE00A58DF0 /* Info.plist */ = {isa = PBXFileReference; lastKnownFileType = text.plist.xml; path = Info.plist; sourceTree = "<group>"; };
		7680182924FB81DE00A58DF0 /* main.m */ = {isa = PBXFileReference; lastKnownFileType = sourcecode.c.objc; path = main.m; sourceTree = "<group>"; };
		7680183424FB847600A58DF0 /* SkillModel.h */ = {isa = PBXFileReference; lastKnownFileType = sourcecode.c.h; path = SkillModel.h; sourceTree = "<group>"; };
		7680183524FB847600A58DF0 /* SkillModel.m */ = {isa = PBXFileReference; lastKnownFileType = sourcecode.c.objc; path = SkillModel.m; sourceTree = "<group>"; };
		7680183724FB84C200A58DF0 /* SkillTableViewCell.h */ = {isa = PBXFileReference; lastKnownFileType = sourcecode.c.h; path = SkillTableViewCell.h; sourceTree = "<group>"; };
		7680183824FB84C200A58DF0 /* SkillTableViewCell.m */ = {isa = PBXFileReference; lastKnownFileType = sourcecode.c.objc; path = SkillTableViewCell.m; sourceTree = "<group>"; };
		7680183A24FB879F00A58DF0 /* SkillTableDataSource.h */ = {isa = PBXFileReference; lastKnownFileType = sourcecode.c.h; path = SkillTableDataSource.h; sourceTree = "<group>"; };
		7680183B24FB879F00A58DF0 /* SkillTableDataSource.m */ = {isa = PBXFileReference; lastKnownFileType = sourcecode.c.objc; path = SkillTableDataSource.m; sourceTree = "<group>"; };
		7680183D24FB8DD400A58DF0 /* SkillViewModel.h */ = {isa = PBXFileReference; lastKnownFileType = sourcecode.c.h; path = SkillViewModel.h; sourceTree = "<group>"; };
		7680183E24FB8DD400A58DF0 /* SkillViewModel.m */ = {isa = PBXFileReference; lastKnownFileType = sourcecode.c.objc; path = SkillViewModel.m; sourceTree = "<group>"; };
		7680184524FB988600A58DF0 /* LocalStoreViewController.h */ = {isa = PBXFileReference; lastKnownFileType = sourcecode.c.h; path = LocalStoreViewController.h; sourceTree = "<group>"; };
		7680184624FB988600A58DF0 /* LocalStoreViewController.m */ = {isa = PBXFileReference; lastKnownFileType = sourcecode.c.objc; path = LocalStoreViewController.m; sourceTree = "<group>"; };
		7680184924FBA04800A58DF0 /* ArchiveViewController.h */ = {isa = PBXFileReference; lastKnownFileType = sourcecode.c.h; path = ArchiveViewController.h; sourceTree = "<group>"; };
		7680184A24FBA04800A58DF0 /* ArchiveViewController.m */ = {isa = PBXFileReference; lastKnownFileType = sourcecode.c.objc; path = ArchiveViewController.m; sourceTree = "<group>"; };
		7680184C24FBA8CD00A58DF0 /* Person.h */ = {isa = PBXFileReference; lastKnownFileType = sourcecode.c.h; path = Person.h; sourceTree = "<group>"; };
		7680184D24FBA8CD00A58DF0 /* Person.m */ = {isa = PBXFileReference; lastKnownFileType = sourcecode.c.objc; path = Person.m; sourceTree = "<group>"; };
		76884DD524FCFC5700C5FDAA /* Students+CoreDataProperties.h */ = {isa = PBXFileReference; lastKnownFileType = sourcecode.c.h; path = "Students+CoreDataProperties.h"; sourceTree = "<group>"; };
		76884DD624FCFC5700C5FDAA /* Students+CoreDataClass.h */ = {isa = PBXFileReference; lastKnownFileType = sourcecode.c.h; path = "Students+CoreDataClass.h"; sourceTree = "<group>"; };
		76884DD724FCFC5700C5FDAA /* Students+CoreDataClass.m */ = {isa = PBXFileReference; lastKnownFileType = sourcecode.c.objc; path = "Students+CoreDataClass.m"; sourceTree = "<group>"; };
		76884DD824FCFC5700C5FDAA /* Students+CoreDataProperties.m */ = {isa = PBXFileReference; lastKnownFileType = sourcecode.c.objc; path = "Students+CoreDataProperties.m"; sourceTree = "<group>"; };
		769EDB25252624EB001C0B80 /* UpgradeViewController.h */ = {isa = PBXFileReference; lastKnownFileType = sourcecode.c.h; path = UpgradeViewController.h; sourceTree = "<group>"; };
		769EDB26252624EB001C0B80 /* UpgradeViewController.m */ = {isa = PBXFileReference; lastKnownFileType = sourcecode.c.objc; path = UpgradeViewController.m; sourceTree = "<group>"; };
		76B23C1D25013A8700546C76 /* TimerViewController.h */ = {isa = PBXFileReference; lastKnownFileType = sourcecode.c.h; path = TimerViewController.h; sourceTree = "<group>"; };
		76B23C1E25013A8700546C76 /* TimerViewController.m */ = {isa = PBXFileReference; lastKnownFileType = sourcecode.c.objc; path = TimerViewController.m; sourceTree = "<group>"; };
		76B23C2025013AA600546C76 /* TGCDTimer.m */ = {isa = PBXFileReference; fileEncoding = 4; lastKnownFileType = sourcecode.c.objc; path = TGCDTimer.m; sourceTree = "<group>"; };
		76B23C2125013AA700546C76 /* TGCDTimer.h */ = {isa = PBXFileReference; fileEncoding = 4; lastKnownFileType = sourcecode.c.h; path = TGCDTimer.h; sourceTree = "<group>"; };
		76D5D6F72504C982001B89CE /* Multi-threadViewController.h */ = {isa = PBXFileReference; fileEncoding = 4; lastKnownFileType = sourcecode.c.h; path = "Multi-threadViewController.h"; sourceTree = "<group>"; };
		76D5D6F82504C982001B89CE /* Multi-threadViewController.m */ = {isa = PBXFileReference; fileEncoding = 4; lastKnownFileType = sourcecode.c.objc; path = "Multi-threadViewController.m"; sourceTree = "<group>"; };
		76D5D6FE2504CD51001B89CE /* LocalDeliveryViewController.h */ = {isa = PBXFileReference; lastKnownFileType = sourcecode.c.h; path = LocalDeliveryViewController.h; sourceTree = "<group>"; };
		76D5D6FF2504CD51001B89CE /* LocalDeliveryViewController.m */ = {isa = PBXFileReference; lastKnownFileType = sourcecode.c.objc; path = LocalDeliveryViewController.m; sourceTree = "<group>"; };
		76D5D7022504D38A001B89CE /* RunTimeViewController.h */ = {isa = PBXFileReference; lastKnownFileType = sourcecode.c.h; path = RunTimeViewController.h; sourceTree = "<group>"; };
		76D5D7032504D38A001B89CE /* RunTimeViewController.m */ = {isa = PBXFileReference; lastKnownFileType = sourcecode.c.objc; path = RunTimeViewController.m; sourceTree = "<group>"; };
		76D5D7052504D4DB001B89CE /* NSArray+Demo.h */ = {isa = PBXFileReference; lastKnownFileType = sourcecode.c.h; path = "NSArray+Demo.h"; sourceTree = "<group>"; };
		76D5D7062504D4DB001B89CE /* NSArray+Demo.m */ = {isa = PBXFileReference; lastKnownFileType = sourcecode.c.objc; path = "NSArray+Demo.m"; sourceTree = "<group>"; };
		76D5D7092504D9FE001B89CE /* ArithmeticViewController.h */ = {isa = PBXFileReference; lastKnownFileType = sourcecode.c.h; path = ArithmeticViewController.h; sourceTree = "<group>"; };
		76D5D70A2504D9FE001B89CE /* ArithmeticViewController.m */ = {isa = PBXFileReference; lastKnownFileType = sourcecode.c.objc; path = ArithmeticViewController.m; sourceTree = "<group>"; };
		76F37E962500716900353D1F /* SafetyViewController.h */ = {isa = PBXFileReference; lastKnownFileType = sourcecode.c.h; path = SafetyViewController.h; sourceTree = "<group>"; };
		76F37E972500716900353D1F /* SafetyViewController.m */ = {isa = PBXFileReference; lastKnownFileType = sourcecode.c.objc; path = SafetyViewController.m; sourceTree = "<group>"; };
		76F37E992500767A00353D1F /* RSA.h */ = {isa = PBXFileReference; fileEncoding = 4; lastKnownFileType = sourcecode.c.h; path = RSA.h; sourceTree = "<group>"; };
		76F37E9A2500767A00353D1F /* RSA.m */ = {isa = PBXFileReference; fileEncoding = 4; lastKnownFileType = sourcecode.c.objc; path = RSA.m; sourceTree = "<group>"; };
		8582DBE9232DD3CABDE39292 /* Pods_SkillDemo.framework */ = {isa = PBXFileReference; explicitFileType = wrapper.framework; includeInIndex = 0; path = Pods_SkillDemo.framework; sourceTree = BUILT_PRODUCTS_DIR; };
/* End PBXFileReference section */

/* Begin PBXFrameworksBuildPhase section */
		7680181124FB81DB00A58DF0 /* Frameworks */ = {
			isa = PBXFrameworksBuildPhase;
			buildActionMask = 2147483647;
			files = (
				7666E54F2529CCA1009F8DEB /* GLKit.framework in Frameworks */,
				7666E54D2529CC83009F8DEB /* OpenGLES.framework in Frameworks */,
				7666E5622529CCD3009F8DEB /* libGLTools.a in Frameworks */,
				D112CA479AE86A6CD135AC0D /* Pods_SkillDemo.framework in Frameworks */,
			);
			runOnlyForDeploymentPostprocessing = 0;
		};
/* End PBXFrameworksBuildPhase section */

/* Begin PBXGroup section */
		6BEDA6FAADC313AF13A84F25 /* Frameworks */ = {
			isa = PBXGroup;
			children = (
				7666E54E2529CCA1009F8DEB /* GLKit.framework */,
				7666E54C2529CC83009F8DEB /* OpenGLES.framework */,
				8582DBE9232DD3CABDE39292 /* Pods_SkillDemo.framework */,
			);
			name = Frameworks;
			sourceTree = "<group>";
		};
		7633E8B0252C4B3F0037A08A /* 三方登录 */ = {
			isa = PBXGroup;
			children = (
				7633E8B1252C4B690037A08A /* TripartiteLoginVC.h */,
				7633E8B2252C4B690037A08A /* TripartiteLoginVC.m */,
				7633E8B7252C55600037A08A /* Apple */,
			);
			path = "三方登录";
			sourceTree = "<group>";
		};
		7633E8B7252C55600037A08A /* Apple */ = {
			isa = PBXGroup;
			children = (
				7633E8B8252C556B0037A08A /* SignInApple.h */,
				7633E8B9252C556B0037A08A /* SignInApple.m */,
				7633E8BC252C56160037A08A /* YostarKeychain.h */,
				7633E8BD252C56160037A08A /* YostarKeychain.m */,
			);
			path = Apple;
			sourceTree = "<group>";
		};
		7633E902252CA7A80037A08A /* 支付 */ = {
			isa = PBXGroup;
			children = (
				7633E903252CA7D80037A08A /* PayViewController.h */,
				7633E904252CA7D80037A08A /* PayViewController.m */,
			);
			path = "支付";
			sourceTree = "<group>";
		};
		7647BB6C24FC832600586F4A /* CoreData */ = {
			isa = PBXGroup;
			children = (
				7647BB6D24FC860900586F4A /* Model.xcdatamodeld */,
				7647BB7624FC878100586F4A /* CoreDataViewController.h */,
				7647BB7724FC878100586F4A /* CoreDataViewController.m */,
			);
			path = CoreData;
			sourceTree = "<group>";
		};
		764E27E3251EF13100E12BD6 /* 日期 */ = {
			isa = PBXGroup;
			children = (
				764E27E4251EF14600E12BD6 /* DateViewController.h */,
				764E27E5251EF14600E12BD6 /* DateViewController.m */,
			);
			path = "日期";
			sourceTree = "<group>";
		};
		764E27E9251F354100E12BD6 /* 崩溃问题 */ = {
			isa = PBXGroup;
			children = (
				764E27EA251F356000E12BD6 /* CrashViewController.h */,
				764E27EB251F356000E12BD6 /* CrashViewController.m */,
				764E27EE251F359900E12BD6 /* NSArray+PJW.h */,
				764E27EF251F359900E12BD6 /* NSArray+PJW.m */,
			);
			path = "崩溃问题";
			sourceTree = "<group>";
		};
		764E2803251F567900E12BD6 /* RAC */ = {
			isa = PBXGroup;
			children = (
				764E2804251F568D00E12BD6 /* RACViewController.h */,
				764E2805251F568D00E12BD6 /* RACViewController.m */,
				764E2808251F58FA00E12BD6 /* BtnClickV.h */,
				764E2809251F58FA00E12BD6 /* BtnClickV.m */,
			);
			path = RAC;
			sourceTree = "<group>";
		};
		7666E5342529BB63009F8DEB /* UseXIB */ = {
			isa = PBXGroup;
			children = (
				7666E5352529BB7B009F8DEB /* UseXIBViewController.h */,
				7666E5362529BB7B009F8DEB /* UseXIBViewController.m */,
				7666E5412529BCE7009F8DEB /* XIBDemoViewTableViewCell.h */,
				7666E5422529BCE7009F8DEB /* XIBDemoViewTableViewCell.m */,
				7666E5432529BCE7009F8DEB /* XIBDemoViewTableViewCell.xib */,
			);
			path = UseXIB;
			sourceTree = "<group>";
		};
		7666E5472529C7C5009F8DEB /* OpenGL */ = {
			isa = PBXGroup;
			children = (
				7666E5502529CCD3009F8DEB /* OpenGlShare */,
			);
			path = OpenGL;
			sourceTree = "<group>";
		};
		7666E5502529CCD3009F8DEB /* OpenGlShare */ = {
			isa = PBXGroup;
			children = (
				7666E5512529CCD3009F8DEB /* include */,
				7666E5612529CCD3009F8DEB /* libGLTools.a */,
			);
			path = OpenGlShare;
			sourceTree = "<group>";
		};
		7666E5512529CCD3009F8DEB /* include */ = {
			isa = PBXGroup;
			children = (
				7666E5522529CCD3009F8DEB /* GLBatchBase.h */,
				7666E5532529CCD3009F8DEB /* math3d.h */,
				7666E5542529CCD3009F8DEB /* GLTriangleBatch.h */,
				7666E5552529CCD3009F8DEB /* GLBatch.h */,
				7666E5562529CCD3009F8DEB /* GLMatrixStack.h */,
				7666E5572529CCD3009F8DEB /* GLFrame.h */,
				7666E5582529CCD3009F8DEB /* GLFrustum.h */,
				7666E5592529CCD3009F8DEB /* GLGeometryTransform.h */,
				7666E55A2529CCD3009F8DEB /* GLShaderManager.h */,
				7666E55B2529CCD3009F8DEB /* StopWatch.h */,
				7666E55C2529CCD3009F8DEB /* GL */,
				7666E5602529CCD3009F8DEB /* GLTools.h */,
			);
			path = include;
			sourceTree = "<group>";
		};
		7666E55C2529CCD3009F8DEB /* GL */ = {
			isa = PBXGroup;
			children = (
				7666E55D2529CCD3009F8DEB /* glxew.h */,
				7666E55E2529CCD3009F8DEB /* wglew.h */,
				7666E55F2529CCD3009F8DEB /* glew.h */,
			);
			path = GL;
			sourceTree = "<group>";
		};
		7680180B24FB81DB00A58DF0 = {
			isa = PBXGroup;
			children = (
				76884DD524FCFC5700C5FDAA /* Students+CoreDataProperties.h */,
				76884DD624FCFC5700C5FDAA /* Students+CoreDataClass.h */,
				76884DD724FCFC5700C5FDAA /* Students+CoreDataClass.m */,
				76884DD824FCFC5700C5FDAA /* Students+CoreDataProperties.m */,
				7680181624FB81DB00A58DF0 /* SkillDemo */,
				7680181524FB81DB00A58DF0 /* Products */,
				FE4C7E17FAA82C897C2DC7B6 /* Pods */,
				6BEDA6FAADC313AF13A84F25 /* Frameworks */,
			);
			sourceTree = "<group>";
		};
		7680181524FB81DB00A58DF0 /* Products */ = {
			isa = PBXGroup;
			children = (
				7680181424FB81DB00A58DF0 /* SkillDemo.app */,
			);
			name = Products;
			sourceTree = "<group>";
		};
		7680181624FB81DB00A58DF0 /* SkillDemo */ = {
			isa = PBXGroup;
			children = (
				7633E8C3252C57DC0037A08A /* SkillDemo.entitlements */,
				7680181724FB81DB00A58DF0 /* AppDelegate.h */,
				7680181824FB81DB00A58DF0 /* AppDelegate.m */,
				7680181D24FB81DB00A58DF0 /* ViewController.h */,
				7680181E24FB81DB00A58DF0 /* ViewController.m */,
				7680183124FB843D00A58DF0 /* Model */,
				7680183024FB843D00A58DF0 /* View */,
				7680183224FB844A00A58DF0 /* ViewController */,
				7680183324FB844A00A58DF0 /* ViewModel */,
				7680184024FB97B700A58DF0 /* DetailsViewController */,
				7680182024FB81DB00A58DF0 /* Main.storyboard */,
				7680182324FB81DE00A58DF0 /* Assets.xcassets */,
				7680182524FB81DE00A58DF0 /* LaunchScreen.storyboard */,
				7680182824FB81DE00A58DF0 /* Info.plist */,
				7680182924FB81DE00A58DF0 /* main.m */,
			);
			path = SkillDemo;
			sourceTree = "<group>";
		};
		7680183024FB843D00A58DF0 /* View */ = {
			isa = PBXGroup;
			children = (
				7680183724FB84C200A58DF0 /* SkillTableViewCell.h */,
				7680183824FB84C200A58DF0 /* SkillTableViewCell.m */,
			);
			path = View;
			sourceTree = "<group>";
		};
		7680183124FB843D00A58DF0 /* Model */ = {
			isa = PBXGroup;
			children = (
				7680183424FB847600A58DF0 /* SkillModel.h */,
				7680183524FB847600A58DF0 /* SkillModel.m */,
			);
			path = Model;
			sourceTree = "<group>";
		};
		7680183224FB844A00A58DF0 /* ViewController */ = {
			isa = PBXGroup;
			children = (
			);
			path = ViewController;
			sourceTree = "<group>";
		};
		7680183324FB844A00A58DF0 /* ViewModel */ = {
			isa = PBXGroup;
			children = (
				7680183A24FB879F00A58DF0 /* SkillTableDataSource.h */,
				7680183B24FB879F00A58DF0 /* SkillTableDataSource.m */,
				7680183D24FB8DD400A58DF0 /* SkillViewModel.h */,
				7680183E24FB8DD400A58DF0 /* SkillViewModel.m */,
			);
			path = ViewModel;
			sourceTree = "<group>";
		};
		7680184024FB97B700A58DF0 /* DetailsViewController */ = {
			isa = PBXGroup;
			children = (
				7633E902252CA7A80037A08A /* 支付 */,
				7633E8B0252C4B3F0037A08A /* 三方登录 */,
				7666E5472529C7C5009F8DEB /* OpenGL */,
				7666E5342529BB63009F8DEB /* UseXIB */,
				769EDB24252624C4001C0B80 /* 版本升级提示 */,
				764E2803251F567900E12BD6 /* RAC */,
				764E27E9251F354100E12BD6 /* 崩溃问题 */,
				764E27E3251EF13100E12BD6 /* 日期 */,
				76D5D7082504D9D7001B89CE /* 算法 */,
				76D5D7012504D376001B89CE /* RunTime */,
				76D5D6FD2504CD3E001B89CE /* 本地推送 */,
				7680184324FB97F600A58DF0 /* 本地存储 */,
				7680184124FB97F600A58DF0 /* 多线程 */,
				7680184224FB97F600A58DF0 /* 原生与js交互 */,
				76F37E952500714C00353D1F /* 加解密 */,
				76B23C1C25013A6600546C76 /* 定时器 */,
			);
			path = DetailsViewController;
			sourceTree = "<group>";
		};
		7680184124FB97F600A58DF0 /* 多线程 */ = {
			isa = PBXGroup;
			children = (
				76D5D6F72504C982001B89CE /* Multi-threadViewController.h */,
				76D5D6F82504C982001B89CE /* Multi-threadViewController.m */,
				7633E8AB252C488D0037A08A /* ResidentThread.h */,
				7633E8AC252C488D0037A08A /* ResidentThread.m */,
			);
			path = "多线程";
			sourceTree = "<group>";
		};
		7680184224FB97F600A58DF0 /* 原生与js交互 */ = {
			isa = PBXGroup;
			children = (
				76431705250478DB0034EE82 /* indexDemo.html */,
				767516D32503A78000E2D54D /* index.html */,
				767516D02503A62D00E2D54D /* HybridViewController.h */,
				767516D12503A62D00E2D54D /* HybridViewController.m */,
				764317022504673D0034EE82 /* UIWebViewController.h */,
				764317032504673D0034EE82 /* UIWebViewController.m */,
			);
			path = "原生与js交互";
			sourceTree = "<group>";
		};
		7680184324FB97F600A58DF0 /* 本地存储 */ = {
			isa = PBXGroup;
			children = (
				7680184524FB988600A58DF0 /* LocalStoreViewController.h */,
				7680184624FB988600A58DF0 /* LocalStoreViewController.m */,
				7680184824FBA01800A58DF0 /* 归档 */,
				7647BB6C24FC832600586F4A /* CoreData */,
			);
			path = "本地存储";
			sourceTree = "<group>";
		};
		7680184824FBA01800A58DF0 /* 归档 */ = {
			isa = PBXGroup;
			children = (
				7680184924FBA04800A58DF0 /* ArchiveViewController.h */,
				7680184A24FBA04800A58DF0 /* ArchiveViewController.m */,
				7680184C24FBA8CD00A58DF0 /* Person.h */,
				7680184D24FBA8CD00A58DF0 /* Person.m */,
			);
			path = "归档";
			sourceTree = "<group>";
		};
		769EDB24252624C4001C0B80 /* 版本升级提示 */ = {
			isa = PBXGroup;
			children = (
				769EDB25252624EB001C0B80 /* UpgradeViewController.h */,
				769EDB26252624EB001C0B80 /* UpgradeViewController.m */,
			);
			path = "版本升级提示";
			sourceTree = "<group>";
		};
		76B23C1C25013A6600546C76 /* 定时器 */ = {
			isa = PBXGroup;
			children = (
				76B23C2125013AA700546C76 /* TGCDTimer.h */,
				76B23C2025013AA600546C76 /* TGCDTimer.m */,
				76B23C1D25013A8700546C76 /* TimerViewController.h */,
				76B23C1E25013A8700546C76 /* TimerViewController.m */,
			);
			path = "定时器";
			sourceTree = "<group>";
		};
		76D5D6FD2504CD3E001B89CE /* 本地推送 */ = {
			isa = PBXGroup;
			children = (
				76D5D6FE2504CD51001B89CE /* LocalDeliveryViewController.h */,
				76D5D6FF2504CD51001B89CE /* LocalDeliveryViewController.m */,
			);
			path = "本地推送";
			sourceTree = "<group>";
		};
		76D5D7012504D376001B89CE /* RunTime */ = {
			isa = PBXGroup;
			children = (
				76D5D7022504D38A001B89CE /* RunTimeViewController.h */,
				76D5D7032504D38A001B89CE /* RunTimeViewController.m */,
				76D5D7052504D4DB001B89CE /* NSArray+Demo.h */,
				76D5D7062504D4DB001B89CE /* NSArray+Demo.m */,
			);
			path = RunTime;
			sourceTree = "<group>";
		};
		76D5D7082504D9D7001B89CE /* 算法 */ = {
			isa = PBXGroup;
			children = (
				76D5D7092504D9FE001B89CE /* ArithmeticViewController.h */,
				76D5D70A2504D9FE001B89CE /* ArithmeticViewController.m */,
			);
			path = "算法";
			sourceTree = "<group>";
		};
		76F37E952500714C00353D1F /* 加解密 */ = {
			isa = PBXGroup;
			children = (
				76F37E992500767A00353D1F /* RSA.h */,
				76F37E9A2500767A00353D1F /* RSA.m */,
				76F37E962500716900353D1F /* SafetyViewController.h */,
				76F37E972500716900353D1F /* SafetyViewController.m */,
			);
			path = "加解密";
			sourceTree = "<group>";
		};
		FE4C7E17FAA82C897C2DC7B6 /* Pods */ = {
			isa = PBXGroup;
			children = (
				3B629D3C2B62D528E95C078D /* Pods-SkillDemo.debug.xcconfig */,
				51810F0E170BA4CC4C2CD941 /* Pods-SkillDemo.release.xcconfig */,
			);
			path = Pods;
			sourceTree = "<group>";
		};
/* End PBXGroup section */

/* Begin PBXNativeTarget section */
		7680181324FB81DB00A58DF0 /* SkillDemo */ = {
			isa = PBXNativeTarget;
			buildConfigurationList = 7680182D24FB81DE00A58DF0 /* Build configuration list for PBXNativeTarget "SkillDemo" */;
			buildPhases = (
				6DA68781E4817AB51A463DC8 /* [CP] Check Pods Manifest.lock */,
				7680181024FB81DB00A58DF0 /* Sources */,
				7680181124FB81DB00A58DF0 /* Frameworks */,
				7680181224FB81DB00A58DF0 /* Resources */,
				973CFE2A00BF0921DF147EAA /* [CP] Embed Pods Frameworks */,
			);
			buildRules = (
			);
			dependencies = (
			);
			name = SkillDemo;
			productName = SkillDemo;
			productReference = 7680181424FB81DB00A58DF0 /* SkillDemo.app */;
			productType = "com.apple.product-type.application";
		};
/* End PBXNativeTarget section */

/* Begin PBXProject section */
		7680180C24FB81DB00A58DF0 /* Project object */ = {
			isa = PBXProject;
			attributes = {
				LastUpgradeCheck = 1160;
				ORGANIZATIONNAME = pjw;
				TargetAttributes = {
					7680181324FB81DB00A58DF0 = {
						CreatedOnToolsVersion = 11.6;
					};
				};
			};
			buildConfigurationList = 7680180F24FB81DB00A58DF0 /* Build configuration list for PBXProject "SkillDemo" */;
			compatibilityVersion = "Xcode 9.3";
			developmentRegion = en;
			hasScannedForEncodings = 0;
			knownRegions = (
				en,
				Base,
			);
			mainGroup = 7680180B24FB81DB00A58DF0;
			productRefGroup = 7680181524FB81DB00A58DF0 /* Products */;
			projectDirPath = "";
			projectRoot = "";
			targets = (
				7680181324FB81DB00A58DF0 /* SkillDemo */,
			);
		};
/* End PBXProject section */

/* Begin PBXResourcesBuildPhase section */
		7680181224FB81DB00A58DF0 /* Resources */ = {
			isa = PBXResourcesBuildPhase;
			buildActionMask = 2147483647;
			files = (
				7680182724FB81DE00A58DF0 /* LaunchScreen.storyboard in Resources */,
				7666E5452529BCE7009F8DEB /* XIBDemoViewTableViewCell.xib in Resources */,
				767516D42503A78000E2D54D /* index.html in Resources */,
				76431706250478DC0034EE82 /* indexDemo.html in Resources */,
				7680182424FB81DE00A58DF0 /* Assets.xcassets in Resources */,
				7680182224FB81DB00A58DF0 /* Main.storyboard in Resources */,
			);
			runOnlyForDeploymentPostprocessing = 0;
		};
/* End PBXResourcesBuildPhase section */

/* Begin PBXShellScriptBuildPhase section */
		6DA68781E4817AB51A463DC8 /* [CP] Check Pods Manifest.lock */ = {
			isa = PBXShellScriptBuildPhase;
			buildActionMask = 2147483647;
			files = (
			);
			inputFileListPaths = (
			);
			inputPaths = (
				"${PODS_PODFILE_DIR_PATH}/Podfile.lock",
				"${PODS_ROOT}/Manifest.lock",
			);
			name = "[CP] Check Pods Manifest.lock";
			outputFileListPaths = (
			);
			outputPaths = (
				"$(DERIVED_FILE_DIR)/Pods-SkillDemo-checkManifestLockResult.txt",
			);
			runOnlyForDeploymentPostprocessing = 0;
			shellPath = /bin/sh;
			shellScript = "diff \"${PODS_PODFILE_DIR_PATH}/Podfile.lock\" \"${PODS_ROOT}/Manifest.lock\" > /dev/null\nif [ $? != 0 ] ; then\n    # print error to STDERR\n    echo \"error: The sandbox is not in sync with the Podfile.lock. Run 'pod install' or update your CocoaPods installation.\" >&2\n    exit 1\nfi\n# This output is used by Xcode 'outputs' to avoid re-running this script phase.\necho \"SUCCESS\" > \"${SCRIPT_OUTPUT_FILE_0}\"\n";
			showEnvVarsInLog = 0;
		};
		973CFE2A00BF0921DF147EAA /* [CP] Embed Pods Frameworks */ = {
			isa = PBXShellScriptBuildPhase;
			buildActionMask = 2147483647;
			files = (
			);
			inputFileListPaths = (
				"${PODS_ROOT}/Target Support Files/Pods-SkillDemo/Pods-SkillDemo-frameworks-${CONFIGURATION}-input-files.xcfilelist",
			);
			name = "[CP] Embed Pods Frameworks";
			outputFileListPaths = (
				"${PODS_ROOT}/Target Support Files/Pods-SkillDemo/Pods-SkillDemo-frameworks-${CONFIGURATION}-output-files.xcfilelist",
			);
			runOnlyForDeploymentPostprocessing = 0;
			shellPath = /bin/sh;
			shellScript = "\"${PODS_ROOT}/Target Support Files/Pods-SkillDemo/Pods-SkillDemo-frameworks.sh\"\n";
			showEnvVarsInLog = 0;
		};
/* End PBXShellScriptBuildPhase section */

/* Begin PBXSourcesBuildPhase section */
		7680181024FB81DB00A58DF0 /* Sources */ = {
			isa = PBXSourcesBuildPhase;
			buildActionMask = 2147483647;
			files = (
				7666E5382529BB7B009F8DEB /* UseXIBViewController.m in Sources */,
				764E27F0251F359900E12BD6 /* NSArray+PJW.m in Sources */,
				764E2806251F568D00E12BD6 /* RACViewController.m in Sources */,
				7680181F24FB81DB00A58DF0 /* ViewController.m in Sources */,
				76D5D7002504CD51001B89CE /* LocalDeliveryViewController.m in Sources */,
				764E27EC251F356000E12BD6 /* CrashViewController.m in Sources */,
				7680183C24FB879F00A58DF0 /* SkillTableDataSource.m in Sources */,
				7680184E24FBA8CD00A58DF0 /* Person.m in Sources */,
				764317042504673D0034EE82 /* UIWebViewController.m in Sources */,
				76D5D7042504D38A001B89CE /* RunTimeViewController.m in Sources */,
				764E27E6251EF14600E12BD6 /* DateViewController.m in Sources */,
				76D5D7072504D4DB001B89CE /* NSArray+Demo.m in Sources */,
				76884DDA24FCFC5700C5FDAA /* Students+CoreDataProperties.m in Sources */,
				764E280A251F58FA00E12BD6 /* BtnClickV.m in Sources */,
				7633E8BA252C556B0037A08A /* SignInApple.m in Sources */,
				76B23C1F25013A8700546C76 /* TimerViewController.m in Sources */,
				7633E8BE252C56160037A08A /* YostarKeychain.m in Sources */,
				7680181924FB81DB00A58DF0 /* AppDelegate.m in Sources */,
				76D5D70B2504D9FE001B89CE /* ArithmeticViewController.m in Sources */,
				7680183924FB84C200A58DF0 /* SkillTableViewCell.m in Sources */,
				7633E8B3252C4B690037A08A /* TripartiteLoginVC.m in Sources */,
				7666E5442529BCE7009F8DEB /* XIBDemoViewTableViewCell.m in Sources */,
				76F37E9B2500767B00353D1F /* RSA.m in Sources */,
				7680184724FB988600A58DF0 /* LocalStoreViewController.m in Sources */,
				7680183F24FB8DD400A58DF0 /* SkillViewModel.m in Sources */,
				7680182A24FB81DE00A58DF0 /* main.m in Sources */,
				76F37E982500716900353D1F /* SafetyViewController.m in Sources */,
				7633E8AD252C488D0037A08A /* ResidentThread.m in Sources */,
				7680184B24FBA04800A58DF0 /* ArchiveViewController.m in Sources */,
				7633E905252CA7D80037A08A /* PayViewController.m in Sources */,
				76D5D6F92504C982001B89CE /* Multi-threadViewController.m in Sources */,
				76B23C2225013AA700546C76 /* TGCDTimer.m in Sources */,
				76884DD924FCFC5700C5FDAA /* Students+CoreDataClass.m in Sources */,
				7647BB6F24FC860900586F4A /* Model.xcdatamodeld in Sources */,
				7680183624FB847600A58DF0 /* SkillModel.m in Sources */,
				767516D22503A62D00E2D54D /* HybridViewController.m in Sources */,
				769EDB27252624EB001C0B80 /* UpgradeViewController.m in Sources */,
				7647BB7824FC878100586F4A /* CoreDataViewController.m in Sources */,
			);
			runOnlyForDeploymentPostprocessing = 0;
		};
/* End PBXSourcesBuildPhase section */

/* Begin PBXVariantGroup section */
		7680182024FB81DB00A58DF0 /* Main.storyboard */ = {
			isa = PBXVariantGroup;
			children = (
				7680182124FB81DB00A58DF0 /* Base */,
			);
			name = Main.storyboard;
			sourceTree = "<group>";
		};
		7680182524FB81DE00A58DF0 /* LaunchScreen.storyboard */ = {
			isa = PBXVariantGroup;
			children = (
				7680182624FB81DE00A58DF0 /* Base */,
			);
			name = LaunchScreen.storyboard;
			sourceTree = "<group>";
		};
/* End PBXVariantGroup section */

/* Begin XCBuildConfiguration section */
		7680182B24FB81DE00A58DF0 /* Debug */ = {
			isa = XCBuildConfiguration;
			buildSettings = {
				ALWAYS_SEARCH_USER_PATHS = NO;
				CLANG_ANALYZER_NONNULL = YES;
				CLANG_ANALYZER_NUMBER_OBJECT_CONVERSION = YES_AGGRESSIVE;
				CLANG_CXX_LANGUAGE_STANDARD = "gnu++14";
				CLANG_CXX_LIBRARY = "libc++";
				CLANG_ENABLE_MODULES = YES;
				CLANG_ENABLE_OBJC_ARC = YES;
				CLANG_ENABLE_OBJC_WEAK = YES;
				CLANG_WARN_BLOCK_CAPTURE_AUTORELEASING = YES;
				CLANG_WARN_BOOL_CONVERSION = YES;
				CLANG_WARN_COMMA = YES;
				CLANG_WARN_CONSTANT_CONVERSION = YES;
				CLANG_WARN_DEPRECATED_OBJC_IMPLEMENTATIONS = YES;
				CLANG_WARN_DIRECT_OBJC_ISA_USAGE = YES_ERROR;
				CLANG_WARN_DOCUMENTATION_COMMENTS = YES;
				CLANG_WARN_EMPTY_BODY = YES;
				CLANG_WARN_ENUM_CONVERSION = YES;
				CLANG_WARN_INFINITE_RECURSION = YES;
				CLANG_WARN_INT_CONVERSION = YES;
				CLANG_WARN_NON_LITERAL_NULL_CONVERSION = YES;
				CLANG_WARN_OBJC_IMPLICIT_RETAIN_SELF = YES;
				CLANG_WARN_OBJC_LITERAL_CONVERSION = YES;
				CLANG_WARN_OBJC_ROOT_CLASS = YES_ERROR;
				CLANG_WARN_RANGE_LOOP_ANALYSIS = YES;
				CLANG_WARN_STRICT_PROTOTYPES = YES;
				CLANG_WARN_SUSPICIOUS_MOVE = YES;
				CLANG_WARN_UNGUARDED_AVAILABILITY = YES_AGGRESSIVE;
				CLANG_WARN_UNREACHABLE_CODE = YES;
				CLANG_WARN__DUPLICATE_METHOD_MATCH = YES;
				COPY_PHASE_STRIP = NO;
				DEBUG_INFORMATION_FORMAT = dwarf;
				ENABLE_STRICT_OBJC_MSGSEND = YES;
				ENABLE_TESTABILITY = YES;
				GCC_C_LANGUAGE_STANDARD = gnu11;
				GCC_DYNAMIC_NO_PIC = NO;
				GCC_NO_COMMON_BLOCKS = YES;
				GCC_OPTIMIZATION_LEVEL = 0;
				GCC_PREPROCESSOR_DEFINITIONS = (
					"DEBUG=1",
					"$(inherited)",
				);
				GCC_WARN_64_TO_32_BIT_CONVERSION = YES;
				GCC_WARN_ABOUT_RETURN_TYPE = YES_ERROR;
				GCC_WARN_UNDECLARED_SELECTOR = YES;
				GCC_WARN_UNINITIALIZED_AUTOS = YES_AGGRESSIVE;
				GCC_WARN_UNUSED_FUNCTION = YES;
				GCC_WARN_UNUSED_VARIABLE = YES;
				IPHONEOS_DEPLOYMENT_TARGET = 13.6;
				MTL_ENABLE_DEBUG_INFO = INCLUDE_SOURCE;
				MTL_FAST_MATH = YES;
				ONLY_ACTIVE_ARCH = YES;
				SDKROOT = iphoneos;
			};
			name = Debug;
		};
		7680182C24FB81DE00A58DF0 /* Release */ = {
			isa = XCBuildConfiguration;
			buildSettings = {
				ALWAYS_SEARCH_USER_PATHS = NO;
				CLANG_ANALYZER_NONNULL = YES;
				CLANG_ANALYZER_NUMBER_OBJECT_CONVERSION = YES_AGGRESSIVE;
				CLANG_CXX_LANGUAGE_STANDARD = "gnu++14";
				CLANG_CXX_LIBRARY = "libc++";
				CLANG_ENABLE_MODULES = YES;
				CLANG_ENABLE_OBJC_ARC = YES;
				CLANG_ENABLE_OBJC_WEAK = YES;
				CLANG_WARN_BLOCK_CAPTURE_AUTORELEASING = YES;
				CLANG_WARN_BOOL_CONVERSION = YES;
				CLANG_WARN_COMMA = YES;
				CLANG_WARN_CONSTANT_CONVERSION = YES;
				CLANG_WARN_DEPRECATED_OBJC_IMPLEMENTATIONS = YES;
				CLANG_WARN_DIRECT_OBJC_ISA_USAGE = YES_ERROR;
				CLANG_WARN_DOCUMENTATION_COMMENTS = YES;
				CLANG_WARN_EMPTY_BODY = YES;
				CLANG_WARN_ENUM_CONVERSION = YES;
				CLANG_WARN_INFINITE_RECURSION = YES;
				CLANG_WARN_INT_CONVERSION = YES;
				CLANG_WARN_NON_LITERAL_NULL_CONVERSION = YES;
				CLANG_WARN_OBJC_IMPLICIT_RETAIN_SELF = YES;
				CLANG_WARN_OBJC_LITERAL_CONVERSION = YES;
				CLANG_WARN_OBJC_ROOT_CLASS = YES_ERROR;
				CLANG_WARN_RANGE_LOOP_ANALYSIS = YES;
				CLANG_WARN_STRICT_PROTOTYPES = YES;
				CLANG_WARN_SUSPICIOUS_MOVE = YES;
				CLANG_WARN_UNGUARDED_AVAILABILITY = YES_AGGRESSIVE;
				CLANG_WARN_UNREACHABLE_CODE = YES;
				CLANG_WARN__DUPLICATE_METHOD_MATCH = YES;
				COPY_PHASE_STRIP = NO;
				DEBUG_INFORMATION_FORMAT = "dwarf-with-dsym";
				ENABLE_NS_ASSERTIONS = NO;
				ENABLE_STRICT_OBJC_MSGSEND = YES;
				GCC_C_LANGUAGE_STANDARD = gnu11;
				GCC_NO_COMMON_BLOCKS = YES;
				GCC_WARN_64_TO_32_BIT_CONVERSION = YES;
				GCC_WARN_ABOUT_RETURN_TYPE = YES_ERROR;
				GCC_WARN_UNDECLARED_SELECTOR = YES;
				GCC_WARN_UNINITIALIZED_AUTOS = YES_AGGRESSIVE;
				GCC_WARN_UNUSED_FUNCTION = YES;
				GCC_WARN_UNUSED_VARIABLE = YES;
				IPHONEOS_DEPLOYMENT_TARGET = 13.6;
				MTL_ENABLE_DEBUG_INFO = NO;
				MTL_FAST_MATH = YES;
				SDKROOT = iphoneos;
				VALIDATE_PRODUCT = YES;
			};
			name = Release;
		};
		7680182E24FB81DE00A58DF0 /* Debug */ = {
			isa = XCBuildConfiguration;
			baseConfigurationReference = 3B629D3C2B62D528E95C078D /* Pods-SkillDemo.debug.xcconfig */;
			buildSettings = {
				ASSETCATALOG_COMPILER_APPICON_NAME = AppIcon;
				CODE_SIGN_ENTITLEMENTS = SkillDemo/SkillDemo.entitlements;
				CODE_SIGN_STYLE = Manual;
				DEVELOPMENT_TEAM = "";
				HEADER_SEARCH_PATHS = (
					"$(inherited)",
					"\"${PODS_CONFIGURATION_BUILD_DIR}/FMDB/FMDB.framework/Headers\"",
					"\"${PODS_CONFIGURATION_BUILD_DIR}/ReactiveObjC/ReactiveObjC.framework/Headers\"",
					"\"$(SRCROOT)/SkillDemo/DetailsViewController/OpenGL/OpenGlShare/include/GLTools.h\"",
					"\"$(SRCROOT)/SkillDemo/DetailsViewController/OpenGL/OpenGlShare/include/GL/glew.h\"",
				);
				INFOPLIST_FILE = SkillDemo/Info.plist;
				IPHONEOS_DEPLOYMENT_TARGET = 13.3;
				LD_RUNPATH_SEARCH_PATHS = (
					"$(inherited)",
					"@executable_path/Frameworks",
				);
				LIBRARY_SEARCH_PATHS = (
					"$(inherited)",
					"$(PROJECT_DIR)/SkillDemo/DetailsViewController/OpenGL/OpenGlShare",
				);
				PRODUCT_BUNDLE_IDENTIFIER = com.cn.altest1;
				PRODUCT_NAME = "$(TARGET_NAME)";
				PROVISIONING_PROFILE_SPECIFIER = "";
				TARGETED_DEVICE_FAMILY = "1,2";
			};
			name = Debug;
		};
		7680182F24FB81DE00A58DF0 /* Release */ = {
			isa = XCBuildConfiguration;
			baseConfigurationReference = 51810F0E170BA4CC4C2CD941 /* Pods-SkillDemo.release.xcconfig */;
			buildSettings = {
				ASSETCATALOG_COMPILER_APPICON_NAME = AppIcon;
				CODE_SIGN_ENTITLEMENTS = SkillDemo/SkillDemo.entitlements;
				CODE_SIGN_STYLE = Manual;
				DEVELOPMENT_TEAM = "";
				HEADER_SEARCH_PATHS = (
					"$(inherited)",
					"\"${PODS_CONFIGURATION_BUILD_DIR}/FMDB/FMDB.framework/Headers\"",
					"\"${PODS_CONFIGURATION_BUILD_DIR}/ReactiveObjC/ReactiveObjC.framework/Headers\"",
					"\"$(SRCROOT)/SkillDemo/DetailsViewController/OpenGL/OpenGlShare/include/GLTools.h\"",
					"\"$(SRCROOT)/SkillDemo/DetailsViewController/OpenGL/OpenGlShare/include/GL/glew.h\"",
				);
				INFOPLIST_FILE = SkillDemo/Info.plist;
				IPHONEOS_DEPLOYMENT_TARGET = 13.3;
				LD_RUNPATH_SEARCH_PATHS = (
					"$(inherited)",
					"@executable_path/Frameworks",
				);
				LIBRARY_SEARCH_PATHS = (
					"$(inherited)",
					"$(PROJECT_DIR)/SkillDemo/DetailsViewController/OpenGL/OpenGlShare",
				);
				PRODUCT_BUNDLE_IDENTIFIER = com.cn.altest1;
				PRODUCT_NAME = "$(TARGET_NAME)";
				PROVISIONING_PROFILE_SPECIFIER = "";
				TARGETED_DEVICE_FAMILY = "1,2";
			};
			name = Release;
		};
/* End XCBuildConfiguration section */

/* Begin XCConfigurationList section */
		7680180F24FB81DB00A58DF0 /* Build configuration list for PBXProject "SkillDemo" */ = {
			isa = XCConfigurationList;
			buildConfigurations = (
				7680182B24FB81DE00A58DF0 /* Debug */,
				7680182C24FB81DE00A58DF0 /* Release */,
			);
			defaultConfigurationIsVisible = 0;
			defaultConfigurationName = Release;
		};
		7680182D24FB81DE00A58DF0 /* Build configuration list for PBXNativeTarget "SkillDemo" */ = {
			isa = XCConfigurationList;
			buildConfigurations = (
				7680182E24FB81DE00A58DF0 /* Debug */,
				7680182F24FB81DE00A58DF0 /* Release */,
			);
			defaultConfigurationIsVisible = 0;
			defaultConfigurationName = Release;
		};
/* End XCConfigurationList section */

/* Begin XCVersionGroup section */
		7647BB6D24FC860900586F4A /* Model.xcdatamodeld */ = {
			isa = XCVersionGroup;
			children = (
				7647BB6E24FC860900586F4A /* Model.xcdatamodel */,
			);
			currentVersion = 7647BB6E24FC860900586F4A /* Model.xcdatamodel */;
			path = Model.xcdatamodeld;
			sourceTree = "<group>";
			versionGroupType = wrapper.xcdatamodel;
		};
/* End XCVersionGroup section */
	};
	rootObject = 7680180C24FB81DB00A58DF0 /* Project object */;
}
