PODS:
  - Bugly (2.5.71)
  - FMDB (2.7.5):
    - FMDB/standard (= 2.7.5)
  - FMDB/standard (2.7.5)
  - JCore (2.4.0)
  - JPush (3.4.0):
    - JCore (< 3.0.0, >= 2.0.0)
  - Masonry (1.1.0)
  - PNChart (0.8.9):
    - UICountingLabel (~> 1.2.0)
  - Protobuf (3.11.4)
  - ReactiveObjC (3.1.1)
  - SSZipArchive (2.2.2)
  - SVGAPlayer (2.5.2):
    - SVGAPlayer/Core (= 2.5.2)
    - SVGAPlayer/ProtoFiles (= 2.5.2)
  - SVGAPlayer/Core (2.5.2):
    - SSZipArchive (>= 1.8.1)
    - SVGAPlayer/ProtoFiles
  - SVGAPlayer/ProtoFiles (2.5.2):
    - Protobuf (~> 3.4)
  - UICountingLabel (1.2.0)
  - YYKit (1.0.9):
    - YYKit/no-arc (= 1.0.9)
  - YYKit/no-arc (1.0.9)

DEPENDENCIES:
  - Bugly
  - FMDB
  - JPush
  - Masonry (~> 1.1.0)
  - PNChart (~> 0.8.9)
  - ReactiveObjC (~> 3.1.1)
  - SVGAPlayer
  - YYKit

SPEC REPOS:
  https://mirrors.tuna.tsinghua.edu.cn/git/CocoaPods/Specs.git:
    - FMDB
    - Masonry
    - PNChart
    - Protobuf
    - ReactiveObjC
    - SSZipArchive
    - SVGAPlayer
    - UICountingLabel
    - YYKit
  trunk:
    - Bugly
    - JCore
    - JPush

SPEC CHECKSUMS:
  Bugly: fd066c75c4a0eca1440f9b6a84bd37d51bfc85ac
  FMDB: 2ce00b547f966261cd18927a3ddb07cb6f3db82a
  JCore: a29e4b0ee54e1301446dc02d8e1c350404108b34
  JPush: defaa108c38806f6efdcfaf4c416854d25fca8e5
  Masonry: 678fab65091a9290e40e2832a55e7ab731aad201
  PNChart: 84774d225c2126ded6c93d4dbe6ae98c3a73c2d2
  Protobuf: 176220c526ad8bd09ab1fb40a978eac3fef665f7
  ReactiveObjC: 011caa393aa0383245f2dcf9bf02e86b80b36040
  SSZipArchive: fa16b8cc4cdeceb698e5e5d9f67e9558532fbf23
  SVGAPlayer: c666a7886b72ee77d494c49aa4fd61df175dd103
  UICountingLabel: 1db4e7d023e1762171eb226d6dff47a7a84f27aa
  YYKit: 7cda43304a8dc3696c449041e2cb3107b4e236e7

PODFILE CHECKSUM: ff125be599111095aced7556b3de306c03249634

COCOAPODS: 1.9.0
